// !$*UTF8*$!
{
	archiveVersion = 1;
	classes = {
	};
	objectVersion = 50;
	objects = {

/* Begin PBXBuildFile section */
		BE55FE8821EB9A1400CF514C /* AppDelegate.swift in Sources */ = {isa = PBXBuildFile; fileRef = BE55FE8721EB9A1400CF514C /* AppDelegate.swift */; };
		BE55FE8A21EB9A1400CF514C /* EraseViewController.swift in Sources */ = {isa = PBXBuildFile; fileRef = BE55FE8921EB9A1400CF514C /* EraseViewController.swift */; };
		BE55FE8D21EB9A1400CF514C /* Main.storyboard in Resources */ = {isa = PBXBuildFile; fileRef = BE55FE8B21EB9A1400CF514C /* Main.storyboard */; };
		BE55FE8F21EB9A1600CF514C /* Assets.xcassets in Resources */ = {isa = PBXBuildFile; fileRef = BE55FE8E21EB9A1600CF514C /* Assets.xcassets */; };
		BE55FE9221EB9A1600CF514C /* LaunchScreen.storyboard in Resources */ = {isa = PBXBuildFile; fileRef = BE55FE9021EB9A1600CF514C /* LaunchScreen.storyboard */; };
		BE55FE9B21EB9C4000CF514C /* EraserView.swift in Sources */ = {isa = PBXBuildFile; fileRef = BE55FE9A21EB9C4000CF514C /* EraserView.swift */; };
		BE55FE9D21EBA42C00CF514C /* love.png in Resources */ = {isa = PBXBuildFile; fileRef = BE55FE9C21EBA42C00CF514C /* love.png */; };
/* End PBXBuildFile section */

/* Begin PBXFileReference section */
		BE55FE8421EB9A1400CF514C /* eraser_fun.app */ = {isa = PBXFileReference; explicitFileType = wrapper.application; includeInIndex = 0; path = eraser_fun.app; sourceTree = BUILT_PRODUCTS_DIR; };
		BE55FE8721EB9A1400CF514C /* AppDelegate.swift */ = {isa = PBXFileReference; lastKnownFileType = sourcecode.swift; path = AppDelegate.swift; sourceTree = "<group>"; };
		BE55FE8921EB9A1400CF514C /* EraseViewController.swift */ = {isa = PBXFileReference; lastKnownFileType = sourcecode.swift; path = EraseViewController.swift; sourceTree = "<group>"; };
		BE55FE8C21EB9A1400CF514C /* Base */ = {isa = PBXFileReference; lastKnownFileType = file.storyboard; name = Base; path = Base.lproj/Main.storyboard; sourceTree = "<group>"; };
		BE55FE8E21EB9A1600CF514C /* Assets.xcassets */ = {isa = PBXFileReference; lastKnownFileType = folder.assetcatalog; path = Assets.xcassets; sourceTree = "<group>"; };
		BE55FE9121EB9A1600CF514C /* Base */ = {isa = PBXFileReference; lastKnownFileType = file.storyboard; name = Base; path = Base.lproj/LaunchScreen.storyboard; sourceTree = "<group>"; };
		BE55FE9321EB9A1600CF514C /* Info.plist */ = {isa = PBXFileReference; lastKnownFileType = text.plist.xml; path = Info.plist; sourceTree = "<group>"; };
		BE55FE9A21EB9C4000CF514C /* EraserView.swift */ = {isa = PBXFileReference; lastKnownFileType = sourcecode.swift; path = EraserView.swift; sourceTree = "<group>"; };
		BE55FE9C21EBA42C00CF514C /* love.png */ = {isa = PBXFileReference; lastKnownFileType = image.png; path = love.png; sourceTree = "<group>"; };
/* End PBXFileReference section */

/* Begin PBXFrameworksBuildPhase section */
		BE55FE8121EB9A1400CF514C /* Frameworks */ = {
			isa = PBXFrameworksBuildPhase;
			buildActionMask = 2147483647;
			files = (
			);
			runOnlyForDeploymentPostprocessing = 0;
		};
/* End PBXFrameworksBuildPhase section */

/* Begin PBXGroup section */
		BE55FE7B21EB9A1400CF514C = {
			isa = PBXGroup;
			children = (
				BE55FE8621EB9A1400CF514C /* eraser_fun */,
				BE55FE8521EB9A1400CF514C /* Products */,
			);
			sourceTree = "<group>";
		};
		BE55FE8521EB9A1400CF514C /* Products */ = {
			isa = PBXGroup;
			children = (
				BE55FE8421EB9A1400CF514C /* eraser_fun.app */,
			);
			name = Products;
			sourceTree = "<group>";
		};
		BE55FE8621EB9A1400CF514C /* eraser_fun */ = {
			isa = PBXGroup;
			children = (
				BE55FE9C21EBA42C00CF514C /* love.png */,
				BE55FE9921EB9C3000CF514C /* CustomView */,
				BE55FE8721EB9A1400CF514C /* AppDelegate.swift */,
				BE55FE8921EB9A1400CF514C /* EraseViewController.swift */,
				BE55FE8B21EB9A1400CF514C /* Main.storyboard */,
				BE55FE8E21EB9A1600CF514C /* Assets.xcassets */,
				BE55FE9021EB9A1600CF514C /* LaunchScreen.storyboard */,
				BE55FE9321EB9A1600CF514C /* Info.plist */,
			);
			path = eraser_fun;
			sourceTree = "<group>";
		};
		BE55FE9921EB9C3000CF514C /* CustomView */ = {
			isa = PBXGroup;
			children = (
				BE55FE9A21EB9C4000CF514C /* EraserView.swift */,
			);
			path = CustomView;
			sourceTree = "<group>";
		};
/* End PBXGroup section */

/* Begin PBXNativeTarget section */
		BE55FE8321EB9A1400CF514C /* eraser_fun */ = {
			isa = PBXNativeTarget;
			buildConfigurationList = BE55FE9621EB9A1600CF514C /* Build configuration list for PBXNativeTarget "eraser_fun" */;
			buildPhases = (
				BE55FE8021EB9A1400CF514C /* Sources */,
				BE55FE8121EB9A1400CF514C /* Frameworks */,
				BE55FE8221EB9A1400CF514C /* Resources */,
			);
			buildRules = (
			);
			dependencies = (
			);
			name = eraser_fun;
			productName = eraser_fun;
			productReference = BE55FE8421EB9A1400CF514C /* eraser_fun.app */;
			productType = "com.apple.product-type.application";
		};
/* End PBXNativeTarget section */

/* Begin PBXProject section */
		BE55FE7C21EB9A1400CF514C /* Project object */ = {
			isa = PBXProject;
			attributes = {
				LastSwiftUpdateCheck = 1010;
				LastUpgradeCheck = 1010;
				ORGANIZATIONNAME = "Mostafizur Rahman";
				TargetAttributes = {
					BE55FE8321EB9A1400CF514C = {
						CreatedOnToolsVersion = 10.1;
					};
				};
			};
			buildConfigurationList = BE55FE7F21EB9A1400CF514C /* Build configuration list for PBXProject "eraser_fun" */;
			compatibilityVersion = "Xcode 9.3";
			developmentRegion = en;
			hasScannedForEncodings = 0;
			knownRegions = (
				en,
				Base,
			);
			mainGroup = BE55FE7B21EB9A1400CF514C;
			productRefGroup = BE55FE8521EB9A1400CF514C /* Products */;
			projectDirPath = "";
			projectRoot = "";
			targets = (
				BE55FE8321EB9A1400CF514C /* eraser_fun */,
			);
		};
/* End PBXProject section */

/* Begin PBXResourcesBuildPhase section */
		BE55FE8221EB9A1400CF514C /* Resources */ = {
			isa = PBXResourcesBuildPhase;
			buildActionMask = 2147483647;
			files = (
				BE55FE9221EB9A1600CF514C /* LaunchScreen.storyboard in Resources */,
				BE55FE9D21EBA42C00CF514C /* love.png in Resources */,
				BE55FE8F21EB9A1600CF514C /* Assets.xcassets in Resources */,
				BE55FE8D21EB9A1400CF514C /* Main.storyboard in Resources */,
			);
			runOnlyForDeploymentPostprocessing = 0;
		};
/* End PBXResourcesBuildPhase section */

/* Begin PBXSourcesBuildPhase section */
		BE55FE8021EB9A1400CF514C /* Sources */ = {
			isa = PBXSourcesBuildPhase;
			buildActionMask = 2147483647;
			files = (
				BE55FE8A21EB9A1400CF514C /* EraseViewController.swift in Sources */,
				BE55FE8821EB9A1400CF514C /* AppDelegate.swift in Sources */,
				BE55FE9B21EB9C4000CF514C /* EraserView.swift in Sources */,
			);
			runOnlyForDeploymentPostprocessing = 0;
		};
/* End PBXSourcesBuildPhase section */

/* Begin PBXVariantGroup section */
		BE55FE8B21EB9A1400CF514C /* Main.storyboard */ = {
			isa = PBXVariantGroup;
			children = (
				BE55FE8C21EB9A1400CF514C /* Base */,
			);
			name = Main.storyboard;
			sourceTree = "<group>";
		};
		BE55FE9021EB9A1600CF514C /* LaunchScreen.storyboard */ = {
			isa = PBXVariantGroup;
			children = (
				BE55FE9121EB9A1600CF514C /* Base */,
			);
			name = LaunchScreen.storyboard;
			sourceTree = "<group>";
		};
/* End PBXVariantGroup section */

/* Begin XCBuildConfiguration section */
		BE55FE9421EB9A1600CF514C /* Debug */ = {
			isa = XCBuildConfiguration;
			buildSettings = {
				ALWAYS_SEARCH_USER_PATHS = NO;
				CLANG_ANALYZER_NONNULL = YES;
				CLANG_ANALYZER_NUMBER_OBJECT_CONVERSION = YES_AGGRESSIVE;
				CLANG_CXX_LANGUAGE_STANDARD = "gnu++14";
				CLANG_CXX_LIBRARY = "libc++";
				CLANG_ENABLE_MODULES = YES;
				CLANG_ENABLE_OBJC_ARC = YES;
				CLANG_ENABLE_OBJC_WEAK = YES;
				CLANG_WARN_BLOCK_CAPTURE_AUTORELEASING = YES;
				CLANG_WARN_BOOL_CONVERSION = YES;
				CLANG_WARN_COMMA = YES;
				CLANG_WARN_CONSTANT_CONVERSION = YES;
				CLANG_WARN_DEPRECATED_OBJC_IMPLEMENTATIONS = YES;
				CLANG_WARN_DIRECT_OBJC_ISA_USAGE = YES_ERROR;
				CLANG_WARN_DOCUMENTATION_COMMENTS = YES;
				CLANG_WARN_EMPTY_BODY = YES;
				CLANG_WARN_ENUM_CONVERSION = YES;
				CLANG_WARN_INFINITE_RECURSION = YES;
				CLANG_WARN_INT_CONVERSION = YES;
				CLANG_WARN_NON_LITERAL_NULL_CONVERSION = YES;
				CLANG_WARN_OBJC_IMPLICIT_RETAIN_SELF = YES;
				CLANG_WARN_OBJC_LITERAL_CONVERSION = YES;
				CLANG_WARN_OBJC_ROOT_CLASS = YES_ERROR;
				CLANG_WARN_RANGE_LOOP_ANALYSIS = YES;
				CLANG_WARN_STRICT_PROTOTYPES = YES;
				CLANG_WARN_SUSPICIOUS_MOVE = YES;
				CLANG_WARN_UNGUARDED_AVAILABILITY = YES_AGGRESSIVE;
				CLANG_WARN_UNREACHABLE_CODE = YES;
				CLANG_WARN__DUPLICATE_METHOD_MATCH = YES;
				CODE_SIGN_IDENTITY = "iPhone Developer";
				COPY_PHASE_STRIP = NO;
				DEBUG_INFORMATION_FORMAT = dwarf;
				ENABLE_STRICT_OBJC_MSGSEND = YES;
				ENABLE_TESTABILITY = YES;
				GCC_C_LANGUAGE_STANDARD = gnu11;
				GCC_DYNAMIC_NO_PIC = NO;
				GCC_NO_COMMON_BLOCKS = YES;
				GCC_OPTIMIZATION_LEVEL = 0;
				GCC_PREPROCESSOR_DEFINITIONS = (
					"DEBUG=1",
					"$(inherited)",
				);
				GCC_WARN_64_TO_32_BIT_CONVERSION = YES;
				GCC_WARN_ABOUT_RETURN_TYPE = YES_ERROR;
				GCC_WARN_UNDECLARED_SELECTOR = YES;
				GCC_WARN_UNINITIALIZED_AUTOS = YES_AGGRESSIVE;
				GCC_WARN_UNUSED_FUNCTION = YES;
				GCC_WARN_UNUSED_VARIABLE = YES;
				IPHONEOS_DEPLOYMENT_TARGET = 12.1;
				MTL_ENABLE_DEBUG_INFO = INCLUDE_SOURCE;
				MTL_FAST_MATH = YES;
				ONLY_ACTIVE_ARCH = YES;
				SDKROOT = iphoneos;
				SWIFT_ACTIVE_COMPILATION_CONDITIONS = DEBUG;
				SWIFT_OPTIMIZATION_LEVEL = "-Onone";
			};
			name = Debug;
		};
		BE55FE9521EB9A1600CF514C /* Release */ = {
			isa = XCBuildConfiguration;
			buildSettings = {
				ALWAYS_SEARCH_USER_PATHS = NO;
				CLANG_ANALYZER_NONNULL = YES;
				CLANG_ANALYZER_NUMBER_OBJECT_CONVERSION = YES_AGGRESSIVE;
				CLANG_CXX_LANGUAGE_STANDARD = "gnu++14";
				CLANG_CXX_LIBRARY = "libc++";
				CLANG_ENABLE_MODULES = YES;
				CLANG_ENABLE_OBJC_ARC = YES;
				CLANG_ENABLE_OBJC_WEAK = YES;
				CLANG_WARN_BLOCK_CAPTURE_AUTORELEASING = YES;
				CLANG_WARN_BOOL_CONVERSION = YES;
				CLANG_WARN_COMMA = YES;
				CLANG_WARN_CONSTANT_CONVERSION = YES;
				CLANG_WARN_DEPRECATED_OBJC_IMPLEMENTATIONS = YES;
				CLANG_WARN_DIRECT_OBJC_ISA_USAGE = YES_ERROR;
				CLANG_WARN_DOCUMENTATION_COMMENTS = YES;
				CLANG_WARN_EMPTY_BODY = YES;
				CLANG_WARN_ENUM_CONVERSION = YES;
				CLANG_WARN_INFINITE_RECURSION = YES;
				CLANG_WARN_INT_CONVERSION = YES;
				CLANG_WARN_NON_LITERAL_NULL_CONVERSION = YES;
				CLANG_WARN_OBJC_IMPLICIT_RETAIN_SELF = YES;
				CLANG_WARN_OBJC_LITERAL_CONVERSION = YES;
				CLANG_WARN_OBJC_ROOT_CLASS = YES_ERROR;
				CLANG_WARN_RANGE_LOOP_ANALYSIS = YES;
				CLANG_WARN_STRICT_PROTOTYPES = YES;
				CLANG_WARN_SUSPICIOUS_MOVE = YES;
				CLANG_WARN_UNGUARDED_AVAILABILITY = YES_AGGRESSIVE;
				CLANG_WARN_UNREACHABLE_CODE = YES;
				CLANG_WARN__DUPLICATE_METHOD_MATCH = YES;
				CODE_SIGN_IDENTITY = "iPhone Developer";
				COPY_PHASE_STRIP = NO;
				DEBUG_INFORMATION_FORMAT = "dwarf-with-dsym";
				ENABLE_NS_ASSERTIONS = NO;
				ENABLE_STRICT_OBJC_MSGSEND = YES;
				GCC_C_LANGUAGE_STANDARD = gnu11;
				GCC_NO_COMMON_BLOCKS = YES;
				GCC_WARN_64_TO_32_BIT_CONVERSION = YES;
				GCC_WARN_ABOUT_RETURN_TYPE = YES_ERROR;
				GCC_WARN_UNDECLARED_SELECTOR = YES;
				GCC_WARN_UNINITIALIZED_AUTOS = YES_AGGRESSIVE;
				GCC_WARN_UNUSED_FUNCTION = YES;
				GCC_WARN_UNUSED_VARIABLE = YES;
				IPHONEOS_DEPLOYMENT_TARGET = 12.1;
				MTL_ENABLE_DEBUG_INFO = NO;
				MTL_FAST_MATH = YES;
				SDKROOT = iphoneos;
				SWIFT_COMPILATION_MODE = wholemodule;
				SWIFT_OPTIMIZATION_LEVEL = "-O";
				VALIDATE_PRODUCT = YES;
			};
			name = Release;
		};
		BE55FE9721EB9A1600CF514C /* Debug */ = {
			isa = XCBuildConfiguration;
			buildSettings = {
				ASSETCATALOG_COMPILER_APPICON_NAME = AppIcon;
				CODE_SIGN_STYLE = Automatic;
				DEVELOPMENT_TEAM = L3SWHN9S73;
				INFOPLIST_FILE = eraser_fun/Info.plist;
				LD_RUNPATH_SEARCH_PATHS = (
					"$(inherited)",
					"@executable_path/Frameworks",
				);
				PRODUCT_BUNDLE_IDENTIFIER = "com.eraser.hot.eraser-fun";
				PRODUCT_NAME = "$(TARGET_NAME)";
				SWIFT_VERSION = 4.2;
				TARGETED_DEVICE_FAMILY = "1,2";
			};
			name = Debug;
		};
		BE55FE9821EB9A1600CF514C /* Release */ = {
			isa = XCBuildConfiguration;
			buildSettings = {
				ASSETCATALOG_COMPILER_APPICON_NAME = AppIcon;
				CODE_SIGN_STYLE = Automatic;
				DEVELOPMENT_TEAM = L3SWHN9S73;
				INFOPLIST_FILE = eraser_fun/Info.plist;
				LD_RUNPATH_SEARCH_PATHS = (
					"$(inherited)",
					"@executable_path/Frameworks",
				);
				PRODUCT_BUNDLE_IDENTIFIER = "com.eraser.hot.eraser-fun";
				PRODUCT_NAME = "$(TARGET_NAME)";
				SWIFT_VERSION = 4.2;
				TARGETED_DEVICE_FAMILY = "1,2";
			};
			name = Release;
		};
/* End XCBuildConfiguration section */

/* Begin XCConfigurationList section */
		BE55FE7F21EB9A1400CF514C /* Build configuration list for PBXProject "eraser_fun" */ = {
			isa = XCConfigurationList;
			buildConfigurations = (
				BE55FE9421EB9A1600CF514C /* Debug */,
				BE55FE9521EB9A1600CF514C /* Release */,
			);
			defaultConfigurationIsVisible = 0;
			defaultConfigurationName = Release;
		};
		BE55FE9621EB9A1600CF514C /* Build configuration list for PBXNativeTarget "eraser_fun" */ = {
			isa = XCConfigurationList;
			buildConfigurations = (
				BE55FE9721EB9A1600CF514C /* Debug */,
				BE55FE9821EB9A1600CF514C /* Release */,
			);
			defaultConfigurationIsVisible = 0;
			defaultConfigurationName = Release;
		};
/* End XCConfigurationList section */
	};
	rootObject = BE55FE7C21EB9A1400CF514C /* Project object */;
}
